
Microsoft Visual Studio Solution File, Format Version 12.00
# Visual Studio Version 17
VisualStudioVersion = 17.3.32922.545
MinimumVisualStudioVersion = 10.0.40219.1
Project("{FAE04EC0-301F-11D3-BF4B-00C04F79EFBC}") = "Umbraco7", "Umbraco7\Umbraco7.csproj", "{3D683C4E-888F-4AC6-A02D-B4F451D58034}"
EndProject
Global
	GlobalSection(SolutionConfigurationPlatforms) = preSolution
		Debug|Any CPU = Debug|Any CPU
		Release|Any CPU = Release|Any CPU
	EndGlobalSection
	GlobalSection(ProjectConfigurationPlatforms) = postSolution
		{3D683C4E-888F-4AC6-A02D-B4F451D58034}.Debug|Any CPU.ActiveCfg = Debug|Any CPU
		{3D683C4E-888F-4AC6-A02D-B4F451D58034}.Debug|Any CPU.Build.0 = Debug|Any CPU
		{3D683C4E-888F-4AC6-A02D-B4F451D58034}.Release|Any CPU.ActiveCfg = Release|Any CPU
		{3D683C4E-888F-4AC6-A02D-B4F451D58034}.Release|Any CPU.Build.0 = Release|Any CPU
	EndGlobalSection
	GlobalSection(SolutionProperties) = preSolution
		HideSolutionNode = FALSE
	EndGlobalSection
	GlobalSection(ExtensibilityGlobals) = postSolution
		SolutionGuid = {7B91AC79-B2EC-4C9F-8DC4-73DBB5081A21}
	EndGlobalSection
EndGlobal
